
Microsoft Visual Studio Solution File, Format Version 12.00
# Visual Studio Version 17
VisualStudioVersion = 17.0.31903.59
MinimumVisualStudioVersion = 10.0.40219.1
Project("{FAE04EC0-301F-11D3-BF4B-00C04F79EFBC}") = "Ecommerce.Domain", "Ecommerce.Domain\Ecommerce.Domain.csproj", "{2E0BA003-2528-4220-9DA3-A985636C9973}"
EndProject
Project("{FAE04EC0-301F-11D3-BF4B-00C04F79EFBC}") = "Ecommerce.Service", "Ecommerce.Service\Ecommerce.Service.csproj", "{0380B516-7A35-4A8E-9B15-33F8B4DF37D6}"
EndProject
Project("{FAE04EC0-301F-11D3-BF4B-00C04F79EFBC}") = "Ecommerce.Presentation", "Ecommerce.Presentation\Ecommerce.Presentation.csproj", "{A64A191E-239A-4833-B26F-C068D6617932}"
EndProject
Project("{FAE04EC0-301F-11D3-BF4B-00C04F79EFBC}") = "Ecommerce.Infrastructure", "Ecommerce.Infrastructure\Ecommerce.Infrastructure.csproj", "{179C2892-AA84-4ED4-BC76-C0760C5FCC80}"
EndProject
Global
	GlobalSection(SolutionConfigurationPlatforms) = preSolution
		Debug|Any CPU = Debug|Any CPU
		Release|Any CPU = Release|Any CPU
	EndGlobalSection
	GlobalSection(SolutionProperties) = preSolution
		HideSolutionNode = FALSE
	EndGlobalSection
	GlobalSection(ProjectConfigurationPlatforms) = postSolution
		{2E0BA003-2528-4220-9DA3-A985636C9973}.Debug|Any CPU.ActiveCfg = Debug|Any CPU
		{2E0BA003-2528-4220-9DA3-A985636C9973}.Debug|Any CPU.Build.0 = Debug|Any CPU
		{2E0BA003-2528-4220-9DA3-A985636C9973}.Release|Any CPU.ActiveCfg = Release|Any CPU
		{2E0BA003-2528-4220-9DA3-A985636C9973}.Release|Any CPU.Build.0 = Release|Any CPU
		{0380B516-7A35-4A8E-9B15-33F8B4DF37D6}.Debug|Any CPU.ActiveCfg = Debug|Any CPU
		{0380B516-7A35-4A8E-9B15-33F8B4DF37D6}.Debug|Any CPU.Build.0 = Debug|Any CPU
		{0380B516-7A35-4A8E-9B15-33F8B4DF37D6}.Release|Any CPU.ActiveCfg = Release|Any CPU
		{0380B516-7A35-4A8E-9B15-33F8B4DF37D6}.Release|Any CPU.Build.0 = Release|Any CPU
		{A64A191E-239A-4833-B26F-C068D6617932}.Debug|Any CPU.ActiveCfg = Debug|Any CPU
		{A64A191E-239A-4833-B26F-C068D6617932}.Debug|Any CPU.Build.0 = Debug|Any CPU
		{A64A191E-239A-4833-B26F-C068D6617932}.Release|Any CPU.ActiveCfg = Release|Any CPU
		{A64A191E-239A-4833-B26F-C068D6617932}.Release|Any CPU.Build.0 = Release|Any CPU
		{179C2892-AA84-4ED4-BC76-C0760C5FCC80}.Debug|Any CPU.ActiveCfg = Debug|Any CPU
		{179C2892-AA84-4ED4-BC76-C0760C5FCC80}.Debug|Any CPU.Build.0 = Debug|Any CPU
		{179C2892-AA84-4ED4-BC76-C0760C5FCC80}.Release|Any CPU.ActiveCfg = Release|Any CPU
		{179C2892-AA84-4ED4-BC76-C0760C5FCC80}.Release|Any CPU.Build.0 = Release|Any CPU
	EndGlobalSection
EndGlobal
